
Microsoft Visual Studio Solution File, Format Version 12.00
# Visual Studio 2012
Project("{8BC9CEB8-8B4A-11D0-8D11-00A0C91BC942}") = "lab_04", "lab_04\lab_04.vcxproj", "{39E3C72B-F223-471B-A84F-13FD07C96D68}"
EndProject
Global
	GlobalSection(SolutionConfigurationPlatforms) = preSolution
		Debug|Win32 = Debug|Win32
		Release|Win32 = Release|Win32
	EndGlobalSection
	GlobalSection(ProjectConfigurationPlatforms) = postSolution
		{39E3C72B-F223-471B-A84F-13FD07C96D68}.Debug|Win32.ActiveCfg = Debug|Win32
		{39E3C72B-F223-471B-A84F-13FD07C96D68}.Debug|Win32.Build.0 = Debug|Win32
		{39E3C72B-F223-471B-A84F-13FD07C96D68}.Release|Win32.ActiveCfg = Release|Win32
		{39E3C72B-F223-471B-A84F-13FD07C96D68}.Release|Win32.Build.0 = Release|Win32
	EndGlobalSection
	GlobalSection(SolutionProperties) = preSolution
		HideSolutionNode = FALSE
	EndGlobalSection
EndGlobal
